
Microsoft Visual Studio Solution File, Format Version 12.00
# Visual Studio Version 17
VisualStudioVersion = 17.14.36212.18 d17.14
MinimumVisualStudioVersion = 10.0.40219.1
Project("{FAE04EC0-301F-11D3-BF4B-00C04F79EFBC}") = "ProgAsincrona", "ProgAsincrona.csproj", "{97D77B31-66D9-4426-91C3-CD8902B1749F}"
EndProject
Global
	GlobalSection(SolutionConfigurationPlatforms) = preSolution
		Debug|Any CPU = Debug|Any CPU
		Release|Any CPU = Release|Any CPU
	EndGlobalSection
	GlobalSection(ProjectConfigurationPlatforms) = postSolution
		{97D77B31-66D9-4426-91C3-CD8902B1749F}.Debug|Any CPU.ActiveCfg = Debug|Any CPU
		{97D77B31-66D9-4426-91C3-CD8902B1749F}.Debug|Any CPU.Build.0 = Debug|Any CPU
		{97D77B31-66D9-4426-91C3-CD8902B1749F}.Release|Any CPU.ActiveCfg = Release|Any CPU
		{97D77B31-66D9-4426-91C3-CD8902B1749F}.Release|Any CPU.Build.0 = Release|Any CPU
	EndGlobalSection
	GlobalSection(SolutionProperties) = preSolution
		HideSolutionNode = FALSE
	EndGlobalSection
	GlobalSection(ExtensibilityGlobals) = postSolution
		SolutionGuid = {37DF23E3-FFD1-4901-8E86-FC72FE7FBC47}
	EndGlobalSection
EndGlobal
